
Microsoft Visual Studio Solution File, Format Version 12.00
# Visual Studio Version 17
VisualStudioVersion = 17.3.32901.215
MinimumVisualStudioVersion = 10.0.40219.1
Project("{FAE04EC0-301F-11D3-BF4B-00C04F79EFBC}") = "SistemaDeTarefas", "SistemaDeTarefas.csproj", "{CB46A109-ECD4-4774-A366-874F0EB6694D}"
EndProject
Global
	GlobalSection(SolutionConfigurationPlatforms) = preSolution
		Debug|Any CPU = Debug|Any CPU
		Release|Any CPU = Release|Any CPU
	EndGlobalSection
	GlobalSection(ProjectConfigurationPlatforms) = postSolution
		{CB46A109-ECD4-4774-A366-874F0EB6694D}.Debug|Any CPU.ActiveCfg = Debug|Any CPU
		{CB46A109-ECD4-4774-A366-874F0EB6694D}.Debug|Any CPU.Build.0 = Debug|Any CPU
		{CB46A109-ECD4-4774-A366-874F0EB6694D}.Release|Any CPU.ActiveCfg = Release|Any CPU
		{CB46A109-ECD4-4774-A366-874F0EB6694D}.Release|Any CPU.Build.0 = Release|Any CPU
	EndGlobalSection
	GlobalSection(SolutionProperties) = preSolution
		HideSolutionNode = FALSE
	EndGlobalSection
	GlobalSection(ExtensibilityGlobals) = postSolution
		SolutionGuid = {EF78DC18-1D1C-40A9-AA16-26FB913B67E0}
	EndGlobalSection
EndGlobal
